# THIS IS AN AUTOGENERATED FILE. DO NOT EDIT THIS FILE DIRECTLY.
# yarn lockfile v1


he@1.1.1:
  version "1.1.1"
  resolved "https://registry.yarnpkg.com/he/-/he-1.1.1.tgz#93410fd21b009735151f8868c2f271f3427e23fd"
  integrity sha1-k0EP0hsAlzUVH4howvJx80J+I/0=

node-fetch@^2.6.0:
  version "2.6.0"
  resolved "https://registry.yarnpkg.com/node-fetch/-/node-fetch-2.6.0.tgz#e633456386d4aa55863f676a7ab0daa8fdecb0fd"
  integrity sha512-8dG4H5ujfvFiqDmVu9fQ5bOHUC15JMjMY/Zumv26oOvvVJjM67KF8koCWIabKQ1GJIa9r2mMZscBq/TbdOcmNA==

node-html-parser@^1.2.19:
  version "1.2.19"
  resolved "https://registry.yarnpkg.com/node-html-parser/-/node-html-parser-1.2.19.tgz#2cb14ce7981dfe2c0f5af53cf8654a3d49cded7d"
  integrity sha512-MQvBz+qk7SbqNPp0c7hR0F8lRTPXK5n2tww4eFmXf+cXp5hZHtL5rJHlAWlcjzRep+T5Pd5lz3lqFgN7IFYEiw==
  dependencies:
    he "1.1.1"
